// !$*UTF8*$!
{
	archiveVersion = 1;
	classes = {
	};
	objectVersion = 46;
	objects = {

/* Begin PBXBuildFile section */
		5044FABD1B0C792B00FD1CC6 /* Social.framework in Frameworks */ = {isa = PBXBuildFile; fileRef = 5044FABC1B0C792B00FD1CC6 /* Social.framework */; };
		50ABD1941B076534002DDE65 /* AppDelegate.swift in Sources */ = {isa = PBXBuildFile; fileRef = 50ABD1931B076534002DDE65 /* AppDelegate.swift */; };
		50ABD1961B076534002DDE65 /* ViewController.swift in Sources */ = {isa = PBXBuildFile; fileRef = 50ABD1951B076534002DDE65 /* ViewController.swift */; };
		50ABD1991B076534002DDE65 /* Main.storyboard in Resources */ = {isa = PBXBuildFile; fileRef = 50ABD1971B076534002DDE65 /* Main.storyboard */; };
		50ABD19B1B076534002DDE65 /* Images.xcassets in Resources */ = {isa = PBXBuildFile; fileRef = 50ABD19A1B076534002DDE65 /* Images.xcassets */; };
		50ABD19E1B076534002DDE65 /* LaunchScreen.xib in Resources */ = {isa = PBXBuildFile; fileRef = 50ABD19C1B076534002DDE65 /* LaunchScreen.xib */; };
		50ABD1AA1B076534002DDE65 /* PaletteTests.swift in Sources */ = {isa = PBXBuildFile; fileRef = 50ABD1A91B076534002DDE65 /* PaletteTests.swift */; };
/* End PBXBuildFile section */

/* Begin PBXContainerItemProxy section */
		50ABD1A41B076534002DDE65 /* PBXContainerItemProxy */ = {
			isa = PBXContainerItemProxy;
			containerPortal = 50ABD1861B076534002DDE65 /* Project object */;
			proxyType = 1;
			remoteGlobalIDString = 50ABD18D1B076534002DDE65;
			remoteInfo = Palette;
		};
/* End PBXContainerItemProxy section */

/* Begin PBXFileReference section */
		5044FABC1B0C792B00FD1CC6 /* Social.framework */ = {isa = PBXFileReference; lastKnownFileType = wrapper.framework; name = Social.framework; path = System/Library/Frameworks/Social.framework; sourceTree = SDKROOT; };
		50ABD18E1B076534002DDE65 /* Palette.app */ = {isa = PBXFileReference; explicitFileType = wrapper.application; includeInIndex = 0; path = Palette.app; sourceTree = BUILT_PRODUCTS_DIR; };
		50ABD1921B076534002DDE65 /* Info.plist */ = {isa = PBXFileReference; lastKnownFileType = text.plist.xml; path = Info.plist; sourceTree = "<group>"; };
		50ABD1931B076534002DDE65 /* AppDelegate.swift */ = {isa = PBXFileReference; lastKnownFileType = sourcecode.swift; path = AppDelegate.swift; sourceTree = "<group>"; };
		50ABD1951B076534002DDE65 /* ViewController.swift */ = {isa = PBXFileReference; lastKnownFileType = sourcecode.swift; path = ViewController.swift; sourceTree = "<group>"; };
		50ABD1981B076534002DDE65 /* Base */ = {isa = PBXFileReference; lastKnownFileType = file.storyboard; name = Base; path = Base.lproj/Main.storyboard; sourceTree = "<group>"; };
		50ABD19A1B076534002DDE65 /* Images.xcassets */ = {isa = PBXFileReference; lastKnownFileType = folder.assetcatalog; path = Images.xcassets; sourceTree = "<group>"; };
		50ABD19D1B076534002DDE65 /* Base */ = {isa = PBXFileReference; lastKnownFileType = file.xib; name = Base; path = Base.lproj/LaunchScreen.xib; sourceTree = "<group>"; };
		50ABD1A31B076534002DDE65 /* PaletteTests.xctest */ = {isa = PBXFileReference; explicitFileType = wrapper.cfbundle; includeInIndex = 0; path = PaletteTests.xctest; sourceTree = BUILT_PRODUCTS_DIR; };
		50ABD1A81B076534002DDE65 /* Info.plist */ = {isa = PBXFileReference; lastKnownFileType = text.plist.xml; path = Info.plist; sourceTree = "<group>"; };
		50ABD1A91B076534002DDE65 /* PaletteTests.swift */ = {isa = PBXFileReference; lastKnownFileType = sourcecode.swift; path = PaletteTests.swift; sourceTree = "<group>"; };
/* End PBXFileReference section */

/* Begin PBXFrameworksBuildPhase section */
		50ABD18B1B076534002DDE65 /* Frameworks */ = {
			isa = PBXFrameworksBuildPhase;
			buildActionMask = 2147483647;
			files = (
				5044FABD1B0C792B00FD1CC6 /* Social.framework in Frameworks */,
			);
			runOnlyForDeploymentPostprocessing = 0;
		};
		50ABD1A01B076534002DDE65 /* Frameworks */ = {
			isa = PBXFrameworksBuildPhase;
			buildActionMask = 2147483647;
			files = (
			);
			runOnlyForDeploymentPostprocessing = 0;
		};
/* End PBXFrameworksBuildPhase section */

/* Begin PBXGroup section */
		50ABD1851B076534002DDE65 = {
			isa = PBXGroup;
			children = (
				5044FABC1B0C792B00FD1CC6 /* Social.framework */,
				50ABD1901B076534002DDE65 /* Palette */,
				50ABD1A61B076534002DDE65 /* PaletteTests */,
				50ABD18F1B076534002DDE65 /* Products */,
			);
			sourceTree = "<group>";
		};
		50ABD18F1B076534002DDE65 /* Products */ = {
			isa = PBXGroup;
			children = (
				50ABD18E1B076534002DDE65 /* Palette.app */,
				50ABD1A31B076534002DDE65 /* PaletteTests.xctest */,
			);
			name = Products;
			sourceTree = "<group>";
		};
		50ABD1901B076534002DDE65 /* Palette */ = {
			isa = PBXGroup;
			children = (
				50ABD1931B076534002DDE65 /* AppDelegate.swift */,
				50ABD1951B076534002DDE65 /* ViewController.swift */,
				50ABD1971B076534002DDE65 /* Main.storyboard */,
				50ABD19A1B076534002DDE65 /* Images.xcassets */,
				50ABD19C1B076534002DDE65 /* LaunchScreen.xib */,
				50ABD1911B076534002DDE65 /* Supporting Files */,
			);
			path = Palette;
			sourceTree = "<group>";
		};
		50ABD1911B076534002DDE65 /* Supporting Files */ = {
			isa = PBXGroup;
			children = (
				50ABD1921B076534002DDE65 /* Info.plist */,
			);
			name = "Supporting Files";
			sourceTree = "<group>";
		};
		50ABD1A61B076534002DDE65 /* PaletteTests */ = {
			isa = PBXGroup;
			children = (
				50ABD1A91B076534002DDE65 /* PaletteTests.swift */,
				50ABD1A71B076534002DDE65 /* Supporting Files */,
			);
			path = PaletteTests;
			sourceTree = "<group>";
		};
		50ABD1A71B076534002DDE65 /* Supporting Files */ = {
			isa = PBXGroup;
			children = (
				50ABD1A81B076534002DDE65 /* Info.plist */,
			);
			name = "Supporting Files";
			sourceTree = "<group>";
		};
/* End PBXGroup section */

/* Begin PBXNativeTarget section */
		50ABD18D1B076534002DDE65 /* Palette */ = {
			isa = PBXNativeTarget;
			buildConfigurationList = 50ABD1AD1B076534002DDE65 /* Build configuration list for PBXNativeTarget "Palette" */;
			buildPhases = (
				50ABD18A1B076534002DDE65 /* Sources */,
				50ABD18B1B076534002DDE65 /* Frameworks */,
				50ABD18C1B076534002DDE65 /* Resources */,
			);
			buildRules = (
			);
			dependencies = (
			);
			name = Palette;
			productName = Palette;
			productReference = 50ABD18E1B076534002DDE65 /* Palette.app */;
			productType = "com.apple.product-type.application";
		};
		50ABD1A21B076534002DDE65 /* PaletteTests */ = {
			isa = PBXNativeTarget;
			buildConfigurationList = 50ABD1B01B076534002DDE65 /* Build configuration list for PBXNativeTarget "PaletteTests" */;
			buildPhases = (
				50ABD19F1B076534002DDE65 /* Sources */,
				50ABD1A01B076534002DDE65 /* Frameworks */,
				50ABD1A11B076534002DDE65 /* Resources */,
			);
			buildRules = (
			);
			dependencies = (
				50ABD1A51B076534002DDE65 /* PBXTargetDependency */,
			);
			name = PaletteTests;
			productName = PaletteTests;
			productReference = 50ABD1A31B076534002DDE65 /* PaletteTests.xctest */;
			productType = "com.apple.product-type.bundle.unit-test";
		};
/* End PBXNativeTarget section */

/* Begin PBXProject section */
		50ABD1861B076534002DDE65 /* Project object */ = {
			isa = PBXProject;
			attributes = {
				LastUpgradeCheck = 0630;
				ORGANIZATIONNAME = "Max Chen";
				TargetAttributes = {
					50ABD18D1B076534002DDE65 = {
						CreatedOnToolsVersion = 6.3.1;
					};
					50ABD1A21B076534002DDE65 = {
						CreatedOnToolsVersion = 6.3.1;
						TestTargetID = 50ABD18D1B076534002DDE65;
					};
				};
			};
			buildConfigurationList = 50ABD1891B076534002DDE65 /* Build configuration list for PBXProject "Palette" */;
			compatibilityVersion = "Xcode 3.2";
			developmentRegion = English;
			hasScannedForEncodings = 0;
			knownRegions = (
				en,
				Base,
			);
			mainGroup = 50ABD1851B076534002DDE65;
			productRefGroup = 50ABD18F1B076534002DDE65 /* Products */;
			projectDirPath = "";
			projectRoot = "";
			targets = (
				50ABD18D1B076534002DDE65 /* Palette */,
				50ABD1A21B076534002DDE65 /* PaletteTests */,
			);
		};
/* End PBXProject section */

/* Begin PBXResourcesBuildPhase section */
		50ABD18C1B076534002DDE65 /* Resources */ = {
			isa = PBXResourcesBuildPhase;
			buildActionMask = 2147483647;
			files = (
				50ABD1991B076534002DDE65 /* Main.storyboard in Resources */,
				50ABD19E1B076534002DDE65 /* LaunchScreen.xib in Resources */,
				50ABD19B1B076534002DDE65 /* Images.xcassets in Resources */,
			);
			runOnlyForDeploymentPostprocessing = 0;
		};
		50ABD1A11B076534002DDE65 /* Resources */ = {
			isa = PBXResourcesBuildPhase;
			buildActionMask = 2147483647;
			files = (
			);
			runOnlyForDeploymentPostprocessing = 0;
		};
/* End PBXResourcesBuildPhase section */

/* Begin PBXSourcesBuildPhase section */
		50ABD18A1B076534002DDE65 /* Sources */ = {
			isa = PBXSourcesBuildPhase;
			buildActionMask = 2147483647;
			files = (
				50ABD1961B076534002DDE65 /* ViewController.swift in Sources */,
				50ABD1941B076534002DDE65 /* AppDelegate.swift in Sources */,
			);
			runOnlyForDeploymentPostprocessing = 0;
		};
		50ABD19F1B076534002DDE65 /* Sources */ = {
			isa = PBXSourcesBuildPhase;
			buildActionMask = 2147483647;
			files = (
				50ABD1AA1B076534002DDE65 /* PaletteTests.swift in Sources */,
			);
			runOnlyForDeploymentPostprocessing = 0;
		};
/* End PBXSourcesBuildPhase section */

/* Begin PBXTargetDependency section */
		50ABD1A51B076534002DDE65 /* PBXTargetDependency */ = {
			isa = PBXTargetDependency;
			target = 50ABD18D1B076534002DDE65 /* Palette */;
			targetProxy = 50ABD1A41B076534002DDE65 /* PBXContainerItemProxy */;
		};
/* End PBXTargetDependency section */

/* Begin PBXVariantGroup section */
		50ABD1971B076534002DDE65 /* Main.storyboard */ = {
			isa = PBXVariantGroup;
			children = (
				50ABD1981B076534002DDE65 /* Base */,
			);
			name = Main.storyboard;
			sourceTree = "<group>";
		};
		50ABD19C1B076534002DDE65 /* LaunchScreen.xib */ = {
			isa = PBXVariantGroup;
			children = (
				50ABD19D1B076534002DDE65 /* Base */,
			);
			name = LaunchScreen.xib;
			sourceTree = "<group>";
		};
/* End PBXVariantGroup section */

/* Begin XCBuildConfiguration section */
		50ABD1AB1B076534002DDE65 /* Debug */ = {
			isa = XCBuildConfiguration;
			buildSettings = {
				ALWAYS_SEARCH_USER_PATHS = NO;
				CLANG_CXX_LANGUAGE_STANDARD = "gnu++0x";
				CLANG_CXX_LIBRARY = "libc++";
				CLANG_ENABLE_MODULES = YES;
				CLANG_ENABLE_OBJC_ARC = YES;
				CLANG_WARN_BOOL_CONVERSION = YES;
				CLANG_WARN_CONSTANT_CONVERSION = YES;
				CLANG_WARN_DIRECT_OBJC_ISA_USAGE = YES_ERROR;
				CLANG_WARN_EMPTY_BODY = YES;
				CLANG_WARN_ENUM_CONVERSION = YES;
				CLANG_WARN_INT_CONVERSION = YES;
				CLANG_WARN_OBJC_ROOT_CLASS = YES_ERROR;
				CLANG_WARN_UNREACHABLE_CODE = YES;
				CLANG_WARN__DUPLICATE_METHOD_MATCH = YES;
				"CODE_SIGN_IDENTITY[sdk=iphoneos*]" = "iPhone Developer";
				COPY_PHASE_STRIP = NO;
				DEBUG_INFORMATION_FORMAT = "dwarf-with-dsym";
				ENABLE_STRICT_OBJC_MSGSEND = YES;
				GCC_C_LANGUAGE_STANDARD = gnu99;
				GCC_DYNAMIC_NO_PIC = NO;
				GCC_NO_COMMON_BLOCKS = YES;
				GCC_OPTIMIZATION_LEVEL = 0;
				GCC_PREPROCESSOR_DEFINITIONS = (
					"DEBUG=1",
					"$(inherited)",
				);
				GCC_SYMBOLS_PRIVATE_EXTERN = NO;
				GCC_WARN_64_TO_32_BIT_CONVERSION = YES;
				GCC_WARN_ABOUT_RETURN_TYPE = YES_ERROR;
				GCC_WARN_UNDECLARED_SELECTOR = YES;
				GCC_WARN_UNINITIALIZED_AUTOS = YES_AGGRESSIVE;
				GCC_WARN_UNUSED_FUNCTION = YES;
				GCC_WARN_UNUSED_VARIABLE = YES;
				IPHONEOS_DEPLOYMENT_TARGET = 8.3;
				MTL_ENABLE_DEBUG_INFO = YES;
				ONLY_ACTIVE_ARCH = YES;
				SDKROOT = iphoneos;
				SWIFT_OPTIMIZATION_LEVEL = "-Onone";
			};
			name = Debug;
		};
		50ABD1AC1B076534002DDE65 /* Release */ = {
			isa = XCBuildConfiguration;
			buildSettings = {
				ALWAYS_SEARCH_USER_PATHS = NO;
				CLANG_CXX_LANGUAGE_STANDARD = "gnu++0x";
				CLANG_CXX_LIBRARY = "libc++";
				CLANG_ENABLE_MODULES = YES;
				CLANG_ENABLE_OBJC_ARC = YES;
				CLANG_WARN_BOOL_CONVERSION = YES;
				CLANG_WARN_CONSTANT_CONVERSION = YES;
				CLANG_WARN_DIRECT_OBJC_ISA_USAGE = YES_ERROR;
				CLANG_WARN_EMPTY_BODY = YES;
				CLANG_WARN_ENUM_CONVERSION = YES;
				CLANG_WARN_INT_CONVERSION = YES;
				CLANG_WARN_OBJC_ROOT_CLASS = YES_ERROR;
				CLANG_WARN_UNREACHABLE_CODE = YES;
				CLANG_WARN__DUPLICATE_METHOD_MATCH = YES;
				"CODE_SIGN_IDENTITY[sdk=iphoneos*]" = "iPhone Developer";
				COPY_PHASE_STRIP = NO;
				DEBUG_INFORMATION_FORMAT = "dwarf-with-dsym";
				ENABLE_NS_ASSERTIONS = NO;
				ENABLE_STRICT_OBJC_MSGSEND = YES;
				GCC_C_LANGUAGE_STANDARD = gnu99;
				GCC_NO_COMMON_BLOCKS = YES;
				GCC_WARN_64_TO_32_BIT_CONVERSION = YES;
				GCC_WARN_ABOUT_RETURN_TYPE = YES_ERROR;
				GCC_WARN_UNDECLARED_SELECTOR = YES;
				GCC_WARN_UNINITIALIZED_AUTOS = YES_AGGRESSIVE;
				GCC_WARN_UNUSED_FUNCTION = YES;
				GCC_WARN_UNUSED_VARIABLE = YES;
				IPHONEOS_DEPLOYMENT_TARGET = 8.3;
				MTL_ENABLE_DEBUG_INFO = NO;
				SDKROOT = iphoneos;
				VALIDATE_PRODUCT = YES;
			};
			name = Release;
		};
		50ABD1AE1B076534002DDE65 /* Debug */ = {
			isa = XCBuildConfiguration;
			buildSettings = {
				ASSETCATALOG_COMPILER_APPICON_NAME = AppIcon;
				INFOPLIST_FILE = Palette/Info.plist;
				LD_RUNPATH_SEARCH_PATHS = "$(inherited) @executable_path/Frameworks";
				PRODUCT_NAME = "$(TARGET_NAME)";
			};
			name = Debug;
		};
		50ABD1AF1B076534002DDE65 /* Release */ = {
			isa = XCBuildConfiguration;
			buildSettings = {
				ASSETCATALOG_COMPILER_APPICON_NAME = AppIcon;
				INFOPLIST_FILE = Palette/Info.plist;
				LD_RUNPATH_SEARCH_PATHS = "$(inherited) @executable_path/Frameworks";
				PRODUCT_NAME = "$(TARGET_NAME)";
			};
			name = Release;
		};
		50ABD1B11B076534002DDE65 /* Debug */ = {
			isa = XCBuildConfiguration;
			buildSettings = {
				BUNDLE_LOADER = "$(TEST_HOST)";
				FRAMEWORK_SEARCH_PATHS = (
					"$(SDKROOT)/Developer/Library/Frameworks",
					"$(inherited)",
				);
				GCC_PREPROCESSOR_DEFINITIONS = (
					"DEBUG=1",
					"$(inherited)",
				);
				INFOPLIST_FILE = PaletteTests/Info.plist;
				LD_RUNPATH_SEARCH_PATHS = "$(inherited) @executable_path/Frameworks @loader_path/Frameworks";
				PRODUCT_NAME = "$(TARGET_NAME)";
				TEST_HOST = "$(BUILT_PRODUCTS_DIR)/Palette.app/Palette";
			};
			name = Debug;
		};
		50ABD1B21B076534002DDE65 /* Release */ = {
			isa = XCBuildConfiguration;
			buildSettings = {
				BUNDLE_LOADER = "$(TEST_HOST)";
				FRAMEWORK_SEARCH_PATHS = (
					"$(SDKROOT)/Developer/Library/Frameworks",
					"$(inherited)",
				);
				INFOPLIST_FILE = PaletteTests/Info.plist;
				LD_RUNPATH_SEARCH_PATHS = "$(inherited) @executable_path/Frameworks @loader_path/Frameworks";
				PRODUCT_NAME = "$(TARGET_NAME)";
				TEST_HOST = "$(BUILT_PRODUCTS_DIR)/Palette.app/Palette";
			};
			name = Release;
		};
/* End XCBuildConfiguration section */

/* Begin XCConfigurationList section */
		50ABD1891B076534002DDE65 /* Build configuration list for PBXProject "Palette" */ = {
			isa = XCConfigurationList;
			buildConfigurations = (
				50ABD1AB1B076534002DDE65 /* Debug */,
				50ABD1AC1B076534002DDE65 /* Release */,
			);
			defaultConfigurationIsVisible = 0;
			defaultConfigurationName = Release;
		};
		50ABD1AD1B076534002DDE65 /* Build configuration list for PBXNativeTarget "Palette" */ = {
			isa = XCConfigurationList;
			buildConfigurations = (
				50ABD1AE1B076534002DDE65 /* Debug */,
				50ABD1AF1B076534002DDE65 /* Release */,
			);
			defaultConfigurationIsVisible = 0;
			defaultConfigurationName = Release;
		};
		50ABD1B01B076534002DDE65 /* Build configuration list for PBXNativeTarget "PaletteTests" */ = {
			isa = XCConfigurationList;
			buildConfigurations = (
				50ABD1B11B076534002DDE65 /* Debug */,
				50ABD1B21B076534002DDE65 /* Release */,
			);
			defaultConfigurationIsVisible = 0;
			defaultConfigurationName = Release;
		};
/* End XCConfigurationList section */
	};
	rootObject = 50ABD1861B076534002DDE65 /* Project object */;
}
